
Microsoft Visual Studio Solution File, Format Version 12.00
# Visual Studio Version 17
VisualStudioVersion = 17.14.36717.8 d17.14
MinimumVisualStudioVersion = 10.0.40219.1
Project("{FAE04EC0-301F-11D3-BF4B-00C04F79EFBC}") = "AuttoTestSoftware", "AuttoTestSoftware\AuttoTestSoftware.csproj", "{8BFBB0A6-A925-4566-839A-11DF4C79FCF7}"
EndProject
Global
	GlobalSection(SolutionConfigurationPlatforms) = preSolution
		Debug|Any CPU = Debug|Any CPU
		Release|Any CPU = Release|Any CPU
	EndGlobalSection
	GlobalSection(ProjectConfigurationPlatforms) = postSolution
		{8BFBB0A6-A925-4566-839A-11DF4C79FCF7}.Debug|Any CPU.ActiveCfg = Debug|Any CPU
		{8BFBB0A6-A925-4566-839A-11DF4C79FCF7}.Debug|Any CPU.Build.0 = Debug|Any CPU
		{8BFBB0A6-A925-4566-839A-11DF4C79FCF7}.Release|Any CPU.ActiveCfg = Release|Any CPU
		{8BFBB0A6-A925-4566-839A-11DF4C79FCF7}.Release|Any CPU.Build.0 = Release|Any CPU
	EndGlobalSection
	GlobalSection(SolutionProperties) = preSolution
		HideSolutionNode = FALSE
	EndGlobalSection
	GlobalSection(ExtensibilityGlobals) = postSolution
		SolutionGuid = {6BD28FAA-46B3-4DAE-B9A4-384EF336BB37}
	EndGlobalSection
EndGlobal
